
Microsoft Visual Studio Solution File, Format Version 12.00
# Visual Studio 15
VisualStudioVersion = 15.0.27428.2027
MinimumVisualStudioVersion = 10.0.40219.1
Project("{8BC9CEB8-8B4A-11D0-8D11-00A0C91BC942}") = "Assignment2", "Assignment2\Assignment2.vcxproj", "{217A9269-1843-4DC0-ACCB-4CC7499E3CCF}"
EndProject
Project("{8BC9CEB8-8B4A-11D0-8D11-00A0C91BC942}") = "UnitTest1", "UnitTest1\UnitTest1.vcxproj", "{12E4AC65-BB3E-4633-ADED-EC75AFA59143}"
EndProject
Global
	GlobalSection(SolutionConfigurationPlatforms) = preSolution
		Debug|x64 = Debug|x64
		Debug|x86 = Debug|x86
		Release|x64 = Release|x64
		Release|x86 = Release|x86
	EndGlobalSection
	GlobalSection(ProjectConfigurationPlatforms) = postSolution
		{217A9269-1843-4DC0-ACCB-4CC7499E3CCF}.Debug|x64.ActiveCfg = Debug|x64
		{217A9269-1843-4DC0-ACCB-4CC7499E3CCF}.Debug|x64.Build.0 = Debug|x64
		{217A9269-1843-4DC0-ACCB-4CC7499E3CCF}.Debug|x86.ActiveCfg = Debug|Win32
		{217A9269-1843-4DC0-ACCB-4CC7499E3CCF}.Debug|x86.Build.0 = Debug|Win32
		{217A9269-1843-4DC0-ACCB-4CC7499E3CCF}.Release|x64.ActiveCfg = Release|x64
		{217A9269-1843-4DC0-ACCB-4CC7499E3CCF}.Release|x64.Build.0 = Release|x64
		{217A9269-1843-4DC0-ACCB-4CC7499E3CCF}.Release|x86.ActiveCfg = Release|Win32
		{217A9269-1843-4DC0-ACCB-4CC7499E3CCF}.Release|x86.Build.0 = Release|Win32
		{12E4AC65-BB3E-4633-ADED-EC75AFA59143}.Debug|x64.ActiveCfg = Debug|x64
		{12E4AC65-BB3E-4633-ADED-EC75AFA59143}.Debug|x64.Build.0 = Debug|x64
		{12E4AC65-BB3E-4633-ADED-EC75AFA59143}.Debug|x86.ActiveCfg = Debug|Win32
		{12E4AC65-BB3E-4633-ADED-EC75AFA59143}.Debug|x86.Build.0 = Debug|Win32
		{12E4AC65-BB3E-4633-ADED-EC75AFA59143}.Release|x64.ActiveCfg = Release|x64
		{12E4AC65-BB3E-4633-ADED-EC75AFA59143}.Release|x64.Build.0 = Release|x64
		{12E4AC65-BB3E-4633-ADED-EC75AFA59143}.Release|x86.ActiveCfg = Release|Win32
		{12E4AC65-BB3E-4633-ADED-EC75AFA59143}.Release|x86.Build.0 = Release|Win32
	EndGlobalSection
	GlobalSection(SolutionProperties) = preSolution
		HideSolutionNode = FALSE
	EndGlobalSection
	GlobalSection(ExtensibilityGlobals) = postSolution
		SolutionGuid = {1207BFDB-66F4-48BF-9767-1466DDFFECC6}
	EndGlobalSection
EndGlobal
